
Microsoft Visual Studio Solution File, Format Version 12.00
# Visual Studio Version 16
VisualStudioVersion = 16.0.30611.23
MinimumVisualStudioVersion = 10.0.40219.1
Project("{FAE04EC0-301F-11D3-BF4B-00C04F79EFBC}") = "WpfDatumKiezer", "WpfDatumKiezer\WpfDatumKiezer.csproj", "{05CD99AF-5A0C-44FA-AE75-2370E3ED6D1D}"
EndProject
Project("{FAE04EC0-301F-11D3-BF4B-00C04F79EFBC}") = "WpfGebruikersnaam", "WpfGebruikersnaam\WpfGebruikersnaam.csproj", "{ECBFC4C5-2F3B-4799-BCCF-3CB71E51D1DB}"
EndProject
Project("{FAE04EC0-301F-11D3-BF4B-00C04F79EFBC}") = "WpfOxo", "WpfOxo\WpfOxo.csproj", "{1BDED051-8E95-4D33-92D8-AE403AB8553A}"
EndProject
Project("{FAE04EC0-301F-11D3-BF4B-00C04F79EFBC}") = "WpfOpties", "WpfOpties\WpfOpties.csproj", "{D4681BE0-1A90-49A4-800F-67B48F4D88B2}"
EndProject
Global
	GlobalSection(SolutionConfigurationPlatforms) = preSolution
		Debug|Any CPU = Debug|Any CPU
		Release|Any CPU = Release|Any CPU
	EndGlobalSection
	GlobalSection(ProjectConfigurationPlatforms) = postSolution
		{05CD99AF-5A0C-44FA-AE75-2370E3ED6D1D}.Debug|Any CPU.ActiveCfg = Debug|Any CPU
		{05CD99AF-5A0C-44FA-AE75-2370E3ED6D1D}.Debug|Any CPU.Build.0 = Debug|Any CPU
		{05CD99AF-5A0C-44FA-AE75-2370E3ED6D1D}.Release|Any CPU.ActiveCfg = Release|Any CPU
		{05CD99AF-5A0C-44FA-AE75-2370E3ED6D1D}.Release|Any CPU.Build.0 = Release|Any CPU
		{ECBFC4C5-2F3B-4799-BCCF-3CB71E51D1DB}.Debug|Any CPU.ActiveCfg = Debug|Any CPU
		{ECBFC4C5-2F3B-4799-BCCF-3CB71E51D1DB}.Debug|Any CPU.Build.0 = Debug|Any CPU
		{ECBFC4C5-2F3B-4799-BCCF-3CB71E51D1DB}.Release|Any CPU.ActiveCfg = Release|Any CPU
		{ECBFC4C5-2F3B-4799-BCCF-3CB71E51D1DB}.Release|Any CPU.Build.0 = Release|Any CPU
		{1BDED051-8E95-4D33-92D8-AE403AB8553A}.Debug|Any CPU.ActiveCfg = Debug|Any CPU
		{1BDED051-8E95-4D33-92D8-AE403AB8553A}.Debug|Any CPU.Build.0 = Debug|Any CPU
		{1BDED051-8E95-4D33-92D8-AE403AB8553A}.Release|Any CPU.ActiveCfg = Release|Any CPU
		{1BDED051-8E95-4D33-92D8-AE403AB8553A}.Release|Any CPU.Build.0 = Release|Any CPU
		{D4681BE0-1A90-49A4-800F-67B48F4D88B2}.Debug|Any CPU.ActiveCfg = Debug|Any CPU
		{D4681BE0-1A90-49A4-800F-67B48F4D88B2}.Debug|Any CPU.Build.0 = Debug|Any CPU
		{D4681BE0-1A90-49A4-800F-67B48F4D88B2}.Release|Any CPU.ActiveCfg = Release|Any CPU
		{D4681BE0-1A90-49A4-800F-67B48F4D88B2}.Release|Any CPU.Build.0 = Release|Any CPU
	EndGlobalSection
	GlobalSection(SolutionProperties) = preSolution
		HideSolutionNode = FALSE
	EndGlobalSection
	GlobalSection(ExtensibilityGlobals) = postSolution
		SolutionGuid = {FABB1BAF-1B6F-4363-BD01-FF1C280D29A0}
	EndGlobalSection
EndGlobal
